// !$*UTF8*$!
{
	archiveVersion = 1;
	classes = {
	};
	objectVersion = 50;
	objects = {

/* Begin PBXBuildFile section */
		25A6CDA026B2BE3100C391A2 /* AppDelegate.swift in Sources */ = {isa = PBXBuildFile; fileRef = 25A6CD9F26B2BE3100C391A2 /* AppDelegate.swift */; };
		25A6CDA226B2BE3100C391A2 /* SceneDelegate.swift in Sources */ = {isa = PBXBuildFile; fileRef = 25A6CDA126B2BE3100C391A2 /* SceneDelegate.swift */; };
		25A6CDA426B2BE3100C391A2 /* ViewController.swift in Sources */ = {isa = PBXBuildFile; fileRef = 25A6CDA326B2BE3100C391A2 /* ViewController.swift */; };
		25A6CDA726B2BE3100C391A2 /* Main.storyboard in Resources */ = {isa = PBXBuildFile; fileRef = 25A6CDA526B2BE3100C391A2 /* Main.storyboard */; };
		25A6CDA926B2BE3600C391A2 /* Assets.xcassets in Resources */ = {isa = PBXBuildFile; fileRef = 25A6CDA826B2BE3600C391A2 /* Assets.xcassets */; };
		25A6CDAC26B2BE3600C391A2 /* LaunchScreen.storyboard in Resources */ = {isa = PBXBuildFile; fileRef = 25A6CDAA26B2BE3600C391A2 /* LaunchScreen.storyboard */; };
		25A6CDB726B2BE3600C391A2 /* NewsAppTests.swift in Sources */ = {isa = PBXBuildFile; fileRef = 25A6CDB626B2BE3600C391A2 /* NewsAppTests.swift */; };
		25A6CDC226B2BE3600C391A2 /* NewsAppUITests.swift in Sources */ = {isa = PBXBuildFile; fileRef = 25A6CDC126B2BE3600C391A2 /* NewsAppUITests.swift */; };
		25A6CDD226B2C1A100C391A2 /* NewsListViewController.swift in Sources */ = {isa = PBXBuildFile; fileRef = 25A6CDD126B2C1A100C391A2 /* NewsListViewController.swift */; };
		25A6CDD426B2C1BA00C391A2 /* DetailedNewsViewController.swift in Sources */ = {isa = PBXBuildFile; fileRef = 25A6CDD326B2C1BA00C391A2 /* DetailedNewsViewController.swift */; };
		25A6CDD726B2C24700C391A2 /* Endpoint.swift in Sources */ = {isa = PBXBuildFile; fileRef = 25A6CDD626B2C24600C391A2 /* Endpoint.swift */; };
		25A6CDDA26B2C28800C391A2 /* NewsAPI.swift in Sources */ = {isa = PBXBuildFile; fileRef = 25A6CDD926B2C28800C391A2 /* NewsAPI.swift */; };
		25A6CDDC26B2C3DB00C391A2 /* Constants.swift in Sources */ = {isa = PBXBuildFile; fileRef = 25A6CDDB26B2C3DB00C391A2 /* Constants.swift */; };
		25A6CDDF26B2C44900C391A2 /* ListEndpoint.swift in Sources */ = {isa = PBXBuildFile; fileRef = 25A6CDDE26B2C44900C391A2 /* ListEndpoint.swift */; };
		25A6CDE126B2C4A500C391A2 /* NewsList.swift in Sources */ = {isa = PBXBuildFile; fileRef = 25A6CDE026B2C4A500C391A2 /* NewsList.swift */; };
		25A6CDE426B2CBCD00C391A2 /* NewsCellTableView.xib in Resources */ = {isa = PBXBuildFile; fileRef = 25A6CDE326B2CBCD00C391A2 /* NewsCellTableView.xib */; };
		25A6CDE626B2D39B00C391A2 /* NewsCellTableView.swift in Sources */ = {isa = PBXBuildFile; fileRef = 25A6CDE526B2D39B00C391A2 /* NewsCellTableView.swift */; };
		25A6CDE926B3D61800C391A2 /* AlertController.swift in Sources */ = {isa = PBXBuildFile; fileRef = 25A6CDE826B3D61700C391A2 /* AlertController.swift */; };
		25A6CDEB26B3D63200C391A2 /* SpinnerController.swift in Sources */ = {isa = PBXBuildFile; fileRef = 25A6CDEA26B3D63200C391A2 /* SpinnerController.swift */; };
/* End PBXBuildFile section */

/* Begin PBXContainerItemProxy section */
		25A6CDB326B2BE3600C391A2 /* PBXContainerItemProxy */ = {
			isa = PBXContainerItemProxy;
			containerPortal = 25A6CD9426B2BE3000C391A2 /* Project object */;
			proxyType = 1;
			remoteGlobalIDString = 25A6CD9B26B2BE3000C391A2;
			remoteInfo = NewsApp;
		};
		25A6CDBE26B2BE3600C391A2 /* PBXContainerItemProxy */ = {
			isa = PBXContainerItemProxy;
			containerPortal = 25A6CD9426B2BE3000C391A2 /* Project object */;
			proxyType = 1;
			remoteGlobalIDString = 25A6CD9B26B2BE3000C391A2;
			remoteInfo = NewsApp;
		};
/* End PBXContainerItemProxy section */

/* Begin PBXFileReference section */
		25A6CD9C26B2BE3000C391A2 /* NewsApp.app */ = {isa = PBXFileReference; explicitFileType = wrapper.application; includeInIndex = 0; path = NewsApp.app; sourceTree = BUILT_PRODUCTS_DIR; };
		25A6CD9F26B2BE3100C391A2 /* AppDelegate.swift */ = {isa = PBXFileReference; lastKnownFileType = sourcecode.swift; path = AppDelegate.swift; sourceTree = "<group>"; };
		25A6CDA126B2BE3100C391A2 /* SceneDelegate.swift */ = {isa = PBXFileReference; lastKnownFileType = sourcecode.swift; path = SceneDelegate.swift; sourceTree = "<group>"; };
		25A6CDA326B2BE3100C391A2 /* ViewController.swift */ = {isa = PBXFileReference; lastKnownFileType = sourcecode.swift; path = ViewController.swift; sourceTree = "<group>"; };
		25A6CDA626B2BE3100C391A2 /* Base */ = {isa = PBXFileReference; lastKnownFileType = file.storyboard; name = Base; path = Base.lproj/Main.storyboard; sourceTree = "<group>"; };
		25A6CDA826B2BE3600C391A2 /* Assets.xcassets */ = {isa = PBXFileReference; lastKnownFileType = folder.assetcatalog; path = Assets.xcassets; sourceTree = "<group>"; };
		25A6CDAB26B2BE3600C391A2 /* Base */ = {isa = PBXFileReference; lastKnownFileType = file.storyboard; name = Base; path = Base.lproj/LaunchScreen.storyboard; sourceTree = "<group>"; };
		25A6CDAD26B2BE3600C391A2 /* Info.plist */ = {isa = PBXFileReference; lastKnownFileType = text.plist.xml; path = Info.plist; sourceTree = "<group>"; };
		25A6CDB226B2BE3600C391A2 /* NewsAppTests.xctest */ = {isa = PBXFileReference; explicitFileType = wrapper.cfbundle; includeInIndex = 0; path = NewsAppTests.xctest; sourceTree = BUILT_PRODUCTS_DIR; };
		25A6CDB626B2BE3600C391A2 /* NewsAppTests.swift */ = {isa = PBXFileReference; lastKnownFileType = sourcecode.swift; path = NewsAppTests.swift; sourceTree = "<group>"; };
		25A6CDB826B2BE3600C391A2 /* Info.plist */ = {isa = PBXFileReference; lastKnownFileType = text.plist.xml; path = Info.plist; sourceTree = "<group>"; };
		25A6CDBD26B2BE3600C391A2 /* NewsAppUITests.xctest */ = {isa = PBXFileReference; explicitFileType = wrapper.cfbundle; includeInIndex = 0; path = NewsAppUITests.xctest; sourceTree = BUILT_PRODUCTS_DIR; };
		25A6CDC126B2BE3600C391A2 /* NewsAppUITests.swift */ = {isa = PBXFileReference; lastKnownFileType = sourcecode.swift; path = NewsAppUITests.swift; sourceTree = "<group>"; };
		25A6CDC326B2BE3600C391A2 /* Info.plist */ = {isa = PBXFileReference; lastKnownFileType = text.plist.xml; path = Info.plist; sourceTree = "<group>"; };
		25A6CDD126B2C1A100C391A2 /* NewsListViewController.swift */ = {isa = PBXFileReference; lastKnownFileType = sourcecode.swift; path = NewsListViewController.swift; sourceTree = "<group>"; };
		25A6CDD326B2C1BA00C391A2 /* DetailedNewsViewController.swift */ = {isa = PBXFileReference; lastKnownFileType = sourcecode.swift; path = DetailedNewsViewController.swift; sourceTree = "<group>"; };
		25A6CDD626B2C24600C391A2 /* Endpoint.swift */ = {isa = PBXFileReference; lastKnownFileType = sourcecode.swift; path = Endpoint.swift; sourceTree = "<group>"; };
		25A6CDD926B2C28800C391A2 /* NewsAPI.swift */ = {isa = PBXFileReference; lastKnownFileType = sourcecode.swift; path = NewsAPI.swift; sourceTree = "<group>"; };
		25A6CDDB26B2C3DB00C391A2 /* Constants.swift */ = {isa = PBXFileReference; lastKnownFileType = sourcecode.swift; path = Constants.swift; sourceTree = "<group>"; };
		25A6CDDE26B2C44900C391A2 /* ListEndpoint.swift */ = {isa = PBXFileReference; lastKnownFileType = sourcecode.swift; path = ListEndpoint.swift; sourceTree = "<group>"; };
		25A6CDE026B2C4A500C391A2 /* NewsList.swift */ = {isa = PBXFileReference; lastKnownFileType = sourcecode.swift; path = NewsList.swift; sourceTree = "<group>"; };
		25A6CDE326B2CBCD00C391A2 /* NewsCellTableView.xib */ = {isa = PBXFileReference; lastKnownFileType = file.xib; path = NewsCellTableView.xib; sourceTree = "<group>"; };
		25A6CDE526B2D39B00C391A2 /* NewsCellTableView.swift */ = {isa = PBXFileReference; lastKnownFileType = sourcecode.swift; path = NewsCellTableView.swift; sourceTree = "<group>"; };
		25A6CDE826B3D61700C391A2 /* AlertController.swift */ = {isa = PBXFileReference; lastKnownFileType = sourcecode.swift; path = AlertController.swift; sourceTree = "<group>"; };
		25A6CDEA26B3D63200C391A2 /* SpinnerController.swift */ = {isa = PBXFileReference; lastKnownFileType = sourcecode.swift; path = SpinnerController.swift; sourceTree = "<group>"; };
/* End PBXFileReference section */

/* Begin PBXFrameworksBuildPhase section */
		25A6CD9926B2BE3000C391A2 /* Frameworks */ = {
			isa = PBXFrameworksBuildPhase;
			buildActionMask = 2147483647;
			files = (
			);
			runOnlyForDeploymentPostprocessing = 0;
		};
		25A6CDAF26B2BE3600C391A2 /* Frameworks */ = {
			isa = PBXFrameworksBuildPhase;
			buildActionMask = 2147483647;
			files = (
			);
			runOnlyForDeploymentPostprocessing = 0;
		};
		25A6CDBA26B2BE3600C391A2 /* Frameworks */ = {
			isa = PBXFrameworksBuildPhase;
			buildActionMask = 2147483647;
			files = (
			);
			runOnlyForDeploymentPostprocessing = 0;
		};
/* End PBXFrameworksBuildPhase section */

/* Begin PBXGroup section */
		25A6CD9326B2BE3000C391A2 = {
			isa = PBXGroup;
			children = (
				25A6CD9E26B2BE3000C391A2 /* NewsApp */,
				25A6CDB526B2BE3600C391A2 /* NewsAppTests */,
				25A6CDC026B2BE3600C391A2 /* NewsAppUITests */,
				25A6CD9D26B2BE3000C391A2 /* Products */,
			);
			sourceTree = "<group>";
		};
		25A6CD9D26B2BE3000C391A2 /* Products */ = {
			isa = PBXGroup;
			children = (
				25A6CD9C26B2BE3000C391A2 /* NewsApp.app */,
				25A6CDB226B2BE3600C391A2 /* NewsAppTests.xctest */,
				25A6CDBD26B2BE3600C391A2 /* NewsAppUITests.xctest */,
			);
			name = Products;
			sourceTree = "<group>";
		};
		25A6CD9E26B2BE3000C391A2 /* NewsApp */ = {
			isa = PBXGroup;
			children = (
				25A6CDD526B2C1C000C391A2 /* API-Services */,
				25A6CDD026B2C0BF00C391A2 /* Models */,
				25A6CDCF26B2C0B200C391A2 /* ViewControllers */,
				25A6CD9F26B2BE3100C391A2 /* AppDelegate.swift */,
				25A6CDA126B2BE3100C391A2 /* SceneDelegate.swift */,
				25A6CDA326B2BE3100C391A2 /* ViewController.swift */,
				25A6CDA826B2BE3600C391A2 /* Assets.xcassets */,
				25A6CDAA26B2BE3600C391A2 /* LaunchScreen.storyboard */,
				25A6CDAD26B2BE3600C391A2 /* Info.plist */,
				25A6CDDD26B2C3E500C391A2 /* Resources */,
			);
			path = NewsApp;
			sourceTree = "<group>";
		};
		25A6CDB526B2BE3600C391A2 /* NewsAppTests */ = {
			isa = PBXGroup;
			children = (
				25A6CDB626B2BE3600C391A2 /* NewsAppTests.swift */,
				25A6CDB826B2BE3600C391A2 /* Info.plist */,
			);
			path = NewsAppTests;
			sourceTree = "<group>";
		};
		25A6CDC026B2BE3600C391A2 /* NewsAppUITests */ = {
			isa = PBXGroup;
			children = (
				25A6CDC126B2BE3600C391A2 /* NewsAppUITests.swift */,
				25A6CDC326B2BE3600C391A2 /* Info.plist */,
			);
			path = NewsAppUITests;
			sourceTree = "<group>";
		};
		25A6CDCF26B2C0B200C391A2 /* ViewControllers */ = {
			isa = PBXGroup;
			children = (
				25A6CDE726B3D60000C391A2 /* HelperControllers */,
				25A6CDE226B2CBA600C391A2 /* NewsListTable */,
				25A6CDD326B2C1BA00C391A2 /* DetailedNewsViewController.swift */,
			);
			path = ViewControllers;
			sourceTree = "<group>";
		};
		25A6CDD026B2C0BF00C391A2 /* Models */ = {
			isa = PBXGroup;
			children = (
				25A6CDE026B2C4A500C391A2 /* NewsList.swift */,
			);
			path = Models;
			sourceTree = "<group>";
		};
		25A6CDD526B2C1C000C391A2 /* API-Services */ = {
			isa = PBXGroup;
			children = (
				25A6CDD826B2C27300C391A2 /* Endpoints */,
				25A6CDD926B2C28800C391A2 /* NewsAPI.swift */,
			);
			path = "API-Services";
			sourceTree = "<group>";
		};
		25A6CDD826B2C27300C391A2 /* Endpoints */ = {
			isa = PBXGroup;
			children = (
				25A6CDD626B2C24600C391A2 /* Endpoint.swift */,
				25A6CDDE26B2C44900C391A2 /* ListEndpoint.swift */,
			);
			path = Endpoints;
			sourceTree = "<group>";
		};
		25A6CDDD26B2C3E500C391A2 /* Resources */ = {
			isa = PBXGroup;
			children = (
				25A6CDA526B2BE3100C391A2 /* Main.storyboard */,
				25A6CDDB26B2C3DB00C391A2 /* Constants.swift */,
			);
			path = Resources;
			sourceTree = "<group>";
		};
		25A6CDE226B2CBA600C391A2 /* NewsListTable */ = {
			isa = PBXGroup;
			children = (
				25A6CDD126B2C1A100C391A2 /* NewsListViewController.swift */,
				25A6CDE326B2CBCD00C391A2 /* NewsCellTableView.xib */,
				25A6CDE526B2D39B00C391A2 /* NewsCellTableView.swift */,
			);
			path = NewsListTable;
			sourceTree = "<group>";
		};
		25A6CDE726B3D60000C391A2 /* HelperControllers */ = {
			isa = PBXGroup;
			children = (
				25A6CDE826B3D61700C391A2 /* AlertController.swift */,
				25A6CDEA26B3D63200C391A2 /* SpinnerController.swift */,
			);
			path = HelperControllers;
			sourceTree = "<group>";
		};
/* End PBXGroup section */

/* Begin PBXNativeTarget section */
		25A6CD9B26B2BE3000C391A2 /* NewsApp */ = {
			isa = PBXNativeTarget;
			buildConfigurationList = 25A6CDC626B2BE3600C391A2 /* Build configuration list for PBXNativeTarget "NewsApp" */;
			buildPhases = (
				25A6CD9826B2BE3000C391A2 /* Sources */,
				25A6CD9926B2BE3000C391A2 /* Frameworks */,
				25A6CD9A26B2BE3000C391A2 /* Resources */,
			);
			buildRules = (
			);
			dependencies = (
			);
			name = NewsApp;
			productName = NewsApp;
			productReference = 25A6CD9C26B2BE3000C391A2 /* NewsApp.app */;
			productType = "com.apple.product-type.application";
		};
		25A6CDB126B2BE3600C391A2 /* NewsAppTests */ = {
			isa = PBXNativeTarget;
			buildConfigurationList = 25A6CDC926B2BE3600C391A2 /* Build configuration list for PBXNativeTarget "NewsAppTests" */;
			buildPhases = (
				25A6CDAE26B2BE3600C391A2 /* Sources */,
				25A6CDAF26B2BE3600C391A2 /* Frameworks */,
				25A6CDB026B2BE3600C391A2 /* Resources */,
			);
			buildRules = (
			);
			dependencies = (
				25A6CDB426B2BE3600C391A2 /* PBXTargetDependency */,
			);
			name = NewsAppTests;
			productName = NewsAppTests;
			productReference = 25A6CDB226B2BE3600C391A2 /* NewsAppTests.xctest */;
			productType = "com.apple.product-type.bundle.unit-test";
		};
		25A6CDBC26B2BE3600C391A2 /* NewsAppUITests */ = {
			isa = PBXNativeTarget;
			buildConfigurationList = 25A6CDCC26B2BE3600C391A2 /* Build configuration list for PBXNativeTarget "NewsAppUITests" */;
			buildPhases = (
				25A6CDB926B2BE3600C391A2 /* Sources */,
				25A6CDBA26B2BE3600C391A2 /* Frameworks */,
				25A6CDBB26B2BE3600C391A2 /* Resources */,
			);
			buildRules = (
			);
			dependencies = (
				25A6CDBF26B2BE3600C391A2 /* PBXTargetDependency */,
			);
			name = NewsAppUITests;
			productName = NewsAppUITests;
			productReference = 25A6CDBD26B2BE3600C391A2 /* NewsAppUITests.xctest */;
			productType = "com.apple.product-type.bundle.ui-testing";
		};
/* End PBXNativeTarget section */

/* Begin PBXProject section */
		25A6CD9426B2BE3000C391A2 /* Project object */ = {
			isa = PBXProject;
			attributes = {
				LastSwiftUpdateCheck = 1250;
				LastUpgradeCheck = 1250;
				TargetAttributes = {
					25A6CD9B26B2BE3000C391A2 = {
						CreatedOnToolsVersion = 12.5.1;
					};
					25A6CDB126B2BE3600C391A2 = {
						CreatedOnToolsVersion = 12.5.1;
						TestTargetID = 25A6CD9B26B2BE3000C391A2;
					};
					25A6CDBC26B2BE3600C391A2 = {
						CreatedOnToolsVersion = 12.5.1;
						TestTargetID = 25A6CD9B26B2BE3000C391A2;
					};
				};
			};
			buildConfigurationList = 25A6CD9726B2BE3000C391A2 /* Build configuration list for PBXProject "NewsApp" */;
			compatibilityVersion = "Xcode 9.3";
			developmentRegion = en;
			hasScannedForEncodings = 0;
			knownRegions = (
				en,
				Base,
			);
			mainGroup = 25A6CD9326B2BE3000C391A2;
			productRefGroup = 25A6CD9D26B2BE3000C391A2 /* Products */;
			projectDirPath = "";
			projectRoot = "";
			targets = (
				25A6CD9B26B2BE3000C391A2 /* NewsApp */,
				25A6CDB126B2BE3600C391A2 /* NewsAppTests */,
				25A6CDBC26B2BE3600C391A2 /* NewsAppUITests */,
			);
		};
/* End PBXProject section */

/* Begin PBXResourcesBuildPhase section */
		25A6CD9A26B2BE3000C391A2 /* Resources */ = {
			isa = PBXResourcesBuildPhase;
			buildActionMask = 2147483647;
			files = (
				25A6CDAC26B2BE3600C391A2 /* LaunchScreen.storyboard in Resources */,
				25A6CDA926B2BE3600C391A2 /* Assets.xcassets in Resources */,
				25A6CDE426B2CBCD00C391A2 /* NewsCellTableView.xib in Resources */,
				25A6CDA726B2BE3100C391A2 /* Main.storyboard in Resources */,
			);
			runOnlyForDeploymentPostprocessing = 0;
		};
		25A6CDB026B2BE3600C391A2 /* Resources */ = {
			isa = PBXResourcesBuildPhase;
			buildActionMask = 2147483647;
			files = (
			);
			runOnlyForDeploymentPostprocessing = 0;
		};
		25A6CDBB26B2BE3600C391A2 /* Resources */ = {
			isa = PBXResourcesBuildPhase;
			buildActionMask = 2147483647;
			files = (
			);
			runOnlyForDeploymentPostprocessing = 0;
		};
/* End PBXResourcesBuildPhase section */

/* Begin PBXSourcesBuildPhase section */
		25A6CD9826B2BE3000C391A2 /* Sources */ = {
			isa = PBXSourcesBuildPhase;
			buildActionMask = 2147483647;
			files = (
				25A6CDA426B2BE3100C391A2 /* ViewController.swift in Sources */,
				25A6CDA026B2BE3100C391A2 /* AppDelegate.swift in Sources */,
				25A6CDEB26B3D63200C391A2 /* SpinnerController.swift in Sources */,
				25A6CDE626B2D39B00C391A2 /* NewsCellTableView.swift in Sources */,
				25A6CDA226B2BE3100C391A2 /* SceneDelegate.swift in Sources */,
				25A6CDE926B3D61800C391A2 /* AlertController.swift in Sources */,
				25A6CDD426B2C1BA00C391A2 /* DetailedNewsViewController.swift in Sources */,
				25A6CDE126B2C4A500C391A2 /* NewsList.swift in Sources */,
				25A6CDDF26B2C44900C391A2 /* ListEndpoint.swift in Sources */,
				25A6CDD726B2C24700C391A2 /* Endpoint.swift in Sources */,
				25A6CDDA26B2C28800C391A2 /* NewsAPI.swift in Sources */,
				25A6CDD226B2C1A100C391A2 /* NewsListViewController.swift in Sources */,
				25A6CDDC26B2C3DB00C391A2 /* Constants.swift in Sources */,
			);
			runOnlyForDeploymentPostprocessing = 0;
		};
		25A6CDAE26B2BE3600C391A2 /* Sources */ = {
			isa = PBXSourcesBuildPhase;
			buildActionMask = 2147483647;
			files = (
				25A6CDB726B2BE3600C391A2 /* NewsAppTests.swift in Sources */,
			);
			runOnlyForDeploymentPostprocessing = 0;
		};
		25A6CDB926B2BE3600C391A2 /* Sources */ = {
			isa = PBXSourcesBuildPhase;
			buildActionMask = 2147483647;
			files = (
				25A6CDC226B2BE3600C391A2 /* NewsAppUITests.swift in Sources */,
			);
			runOnlyForDeploymentPostprocessing = 0;
		};
/* End PBXSourcesBuildPhase section */

/* Begin PBXTargetDependency section */
		25A6CDB426B2BE3600C391A2 /* PBXTargetDependency */ = {
			isa = PBXTargetDependency;
			target = 25A6CD9B26B2BE3000C391A2 /* NewsApp */;
			targetProxy = 25A6CDB326B2BE3600C391A2 /* PBXContainerItemProxy */;
		};
		25A6CDBF26B2BE3600C391A2 /* PBXTargetDependency */ = {
			isa = PBXTargetDependency;
			target = 25A6CD9B26B2BE3000C391A2 /* NewsApp */;
			targetProxy = 25A6CDBE26B2BE3600C391A2 /* PBXContainerItemProxy */;
		};
/* End PBXTargetDependency section */

/* Begin PBXVariantGroup section */
		25A6CDA526B2BE3100C391A2 /* Main.storyboard */ = {
			isa = PBXVariantGroup;
			children = (
				25A6CDA626B2BE3100C391A2 /* Base */,
			);
			name = Main.storyboard;
			sourceTree = "<group>";
		};
		25A6CDAA26B2BE3600C391A2 /* LaunchScreen.storyboard */ = {
			isa = PBXVariantGroup;
			children = (
				25A6CDAB26B2BE3600C391A2 /* Base */,
			);
			name = LaunchScreen.storyboard;
			sourceTree = "<group>";
		};
/* End PBXVariantGroup section */

/* Begin XCBuildConfiguration section */
		25A6CDC426B2BE3600C391A2 /* Debug */ = {
			isa = XCBuildConfiguration;
			buildSettings = {
				ALWAYS_SEARCH_USER_PATHS = NO;
				CLANG_ANALYZER_NONNULL = YES;
				CLANG_ANALYZER_NUMBER_OBJECT_CONVERSION = YES_AGGRESSIVE;
				CLANG_CXX_LANGUAGE_STANDARD = "gnu++14";
				CLANG_CXX_LIBRARY = "libc++";
				CLANG_ENABLE_MODULES = YES;
				CLANG_ENABLE_OBJC_ARC = YES;
				CLANG_ENABLE_OBJC_WEAK = YES;
				CLANG_WARN_BLOCK_CAPTURE_AUTORELEASING = YES;
				CLANG_WARN_BOOL_CONVERSION = YES;
				CLANG_WARN_COMMA = YES;
				CLANG_WARN_CONSTANT_CONVERSION = YES;
				CLANG_WARN_DEPRECATED_OBJC_IMPLEMENTATIONS = YES;
				CLANG_WARN_DIRECT_OBJC_ISA_USAGE = YES_ERROR;
				CLANG_WARN_DOCUMENTATION_COMMENTS = YES;
				CLANG_WARN_EMPTY_BODY = YES;
				CLANG_WARN_ENUM_CONVERSION = YES;
				CLANG_WARN_INFINITE_RECURSION = YES;
				CLANG_WARN_INT_CONVERSION = YES;
				CLANG_WARN_NON_LITERAL_NULL_CONVERSION = YES;
				CLANG_WARN_OBJC_IMPLICIT_RETAIN_SELF = YES;
				CLANG_WARN_OBJC_LITERAL_CONVERSION = YES;
				CLANG_WARN_OBJC_ROOT_CLASS = YES_ERROR;
				CLANG_WARN_QUOTED_INCLUDE_IN_FRAMEWORK_HEADER = YES;
				CLANG_WARN_RANGE_LOOP_ANALYSIS = YES;
				CLANG_WARN_STRICT_PROTOTYPES = YES;
				CLANG_WARN_SUSPICIOUS_MOVE = YES;
				CLANG_WARN_UNGUARDED_AVAILABILITY = YES_AGGRESSIVE;
				CLANG_WARN_UNREACHABLE_CODE = YES;
				CLANG_WARN__DUPLICATE_METHOD_MATCH = YES;
				COPY_PHASE_STRIP = NO;
				DEBUG_INFORMATION_FORMAT = dwarf;
				ENABLE_STRICT_OBJC_MSGSEND = YES;
				ENABLE_TESTABILITY = YES;
				GCC_C_LANGUAGE_STANDARD = gnu11;
				GCC_DYNAMIC_NO_PIC = NO;
				GCC_NO_COMMON_BLOCKS = YES;
				GCC_OPTIMIZATION_LEVEL = 0;
				GCC_PREPROCESSOR_DEFINITIONS = (
					"DEBUG=1",
					"$(inherited)",
				);
				GCC_WARN_64_TO_32_BIT_CONVERSION = YES;
				GCC_WARN_ABOUT_RETURN_TYPE = YES_ERROR;
				GCC_WARN_UNDECLARED_SELECTOR = YES;
				GCC_WARN_UNINITIALIZED_AUTOS = YES_AGGRESSIVE;
				GCC_WARN_UNUSED_FUNCTION = YES;
				GCC_WARN_UNUSED_VARIABLE = YES;
				IPHONEOS_DEPLOYMENT_TARGET = 14.5;
				MTL_ENABLE_DEBUG_INFO = INCLUDE_SOURCE;
				MTL_FAST_MATH = YES;
				ONLY_ACTIVE_ARCH = YES;
				SDKROOT = iphoneos;
				SWIFT_ACTIVE_COMPILATION_CONDITIONS = DEBUG;
				SWIFT_OPTIMIZATION_LEVEL = "-Onone";
			};
			name = Debug;
		};
		25A6CDC526B2BE3600C391A2 /* Release */ = {
			isa = XCBuildConfiguration;
			buildSettings = {
				ALWAYS_SEARCH_USER_PATHS = NO;
				CLANG_ANALYZER_NONNULL = YES;
				CLANG_ANALYZER_NUMBER_OBJECT_CONVERSION = YES_AGGRESSIVE;
				CLANG_CXX_LANGUAGE_STANDARD = "gnu++14";
				CLANG_CXX_LIBRARY = "libc++";
				CLANG_ENABLE_MODULES = YES;
				CLANG_ENABLE_OBJC_ARC = YES;
				CLANG_ENABLE_OBJC_WEAK = YES;
				CLANG_WARN_BLOCK_CAPTURE_AUTORELEASING = YES;
				CLANG_WARN_BOOL_CONVERSION = YES;
				CLANG_WARN_COMMA = YES;
				CLANG_WARN_CONSTANT_CONVERSION = YES;
				CLANG_WARN_DEPRECATED_OBJC_IMPLEMENTATIONS = YES;
				CLANG_WARN_DIRECT_OBJC_ISA_USAGE = YES_ERROR;
				CLANG_WARN_DOCUMENTATION_COMMENTS = YES;
				CLANG_WARN_EMPTY_BODY = YES;
				CLANG_WARN_ENUM_CONVERSION = YES;
				CLANG_WARN_INFINITE_RECURSION = YES;
				CLANG_WARN_INT_CONVERSION = YES;
				CLANG_WARN_NON_LITERAL_NULL_CONVERSION = YES;
				CLANG_WARN_OBJC_IMPLICIT_RETAIN_SELF = YES;
				CLANG_WARN_OBJC_LITERAL_CONVERSION = YES;
				CLANG_WARN_OBJC_ROOT_CLASS = YES_ERROR;
				CLANG_WARN_QUOTED_INCLUDE_IN_FRAMEWORK_HEADER = YES;
				CLANG_WARN_RANGE_LOOP_ANALYSIS = YES;
				CLANG_WARN_STRICT_PROTOTYPES = YES;
				CLANG_WARN_SUSPICIOUS_MOVE = YES;
				CLANG_WARN_UNGUARDED_AVAILABILITY = YES_AGGRESSIVE;
				CLANG_WARN_UNREACHABLE_CODE = YES;
				CLANG_WARN__DUPLICATE_METHOD_MATCH = YES;
				COPY_PHASE_STRIP = NO;
				DEBUG_INFORMATION_FORMAT = "dwarf-with-dsym";
				ENABLE_NS_ASSERTIONS = NO;
				ENABLE_STRICT_OBJC_MSGSEND = YES;
				GCC_C_LANGUAGE_STANDARD = gnu11;
				GCC_NO_COMMON_BLOCKS = YES;
				GCC_WARN_64_TO_32_BIT_CONVERSION = YES;
				GCC_WARN_ABOUT_RETURN_TYPE = YES_ERROR;
				GCC_WARN_UNDECLARED_SELECTOR = YES;
				GCC_WARN_UNINITIALIZED_AUTOS = YES_AGGRESSIVE;
				GCC_WARN_UNUSED_FUNCTION = YES;
				GCC_WARN_UNUSED_VARIABLE = YES;
				IPHONEOS_DEPLOYMENT_TARGET = 14.5;
				MTL_ENABLE_DEBUG_INFO = NO;
				MTL_FAST_MATH = YES;
				SDKROOT = iphoneos;
				SWIFT_COMPILATION_MODE = wholemodule;
				SWIFT_OPTIMIZATION_LEVEL = "-O";
				VALIDATE_PRODUCT = YES;
			};
			name = Release;
		};
		25A6CDC726B2BE3600C391A2 /* Debug */ = {
			isa = XCBuildConfiguration;
			buildSettings = {
				ASSETCATALOG_COMPILER_APPICON_NAME = AppIcon;
				ASSETCATALOG_COMPILER_GLOBAL_ACCENT_COLOR_NAME = AccentColor;
				CODE_SIGN_STYLE = Automatic;
				INFOPLIST_FILE = NewsApp/Info.plist;
				LD_RUNPATH_SEARCH_PATHS = (
					"$(inherited)",
					"@executable_path/Frameworks",
				);
				PRODUCT_BUNDLE_IDENTIFIER = com.personal.NewsApp;
				PRODUCT_NAME = "$(TARGET_NAME)";
				SWIFT_VERSION = 5.0;
				TARGETED_DEVICE_FAMILY = "1,2";
			};
			name = Debug;
		};
		25A6CDC826B2BE3600C391A2 /* Release */ = {
			isa = XCBuildConfiguration;
			buildSettings = {
				ASSETCATALOG_COMPILER_APPICON_NAME = AppIcon;
				ASSETCATALOG_COMPILER_GLOBAL_ACCENT_COLOR_NAME = AccentColor;
				CODE_SIGN_STYLE = Automatic;
				INFOPLIST_FILE = NewsApp/Info.plist;
				LD_RUNPATH_SEARCH_PATHS = (
					"$(inherited)",
					"@executable_path/Frameworks",
				);
				PRODUCT_BUNDLE_IDENTIFIER = com.personal.NewsApp;
				PRODUCT_NAME = "$(TARGET_NAME)";
				SWIFT_VERSION = 5.0;
				TARGETED_DEVICE_FAMILY = "1,2";
			};
			name = Release;
		};
		25A6CDCA26B2BE3600C391A2 /* Debug */ = {
			isa = XCBuildConfiguration;
			buildSettings = {
				ALWAYS_EMBED_SWIFT_STANDARD_LIBRARIES = YES;
				BUNDLE_LOADER = "$(TEST_HOST)";
				CODE_SIGN_STYLE = Automatic;
				INFOPLIST_FILE = NewsAppTests/Info.plist;
				IPHONEOS_DEPLOYMENT_TARGET = 14.5;
				LD_RUNPATH_SEARCH_PATHS = (
					"$(inherited)",
					"@executable_path/Frameworks",
					"@loader_path/Frameworks",
				);
				PRODUCT_BUNDLE_IDENTIFIER = com.personal.NewsAppTests;
				PRODUCT_NAME = "$(TARGET_NAME)";
				SWIFT_VERSION = 5.0;
				TARGETED_DEVICE_FAMILY = "1,2";
				TEST_HOST = "$(BUILT_PRODUCTS_DIR)/NewsApp.app/NewsApp";
			};
			name = Debug;
		};
		25A6CDCB26B2BE3600C391A2 /* Release */ = {
			isa = XCBuildConfiguration;
			buildSettings = {
				ALWAYS_EMBED_SWIFT_STANDARD_LIBRARIES = YES;
				BUNDLE_LOADER = "$(TEST_HOST)";
				CODE_SIGN_STYLE = Automatic;
				INFOPLIST_FILE = NewsAppTests/Info.plist;
				IPHONEOS_DEPLOYMENT_TARGET = 14.5;
				LD_RUNPATH_SEARCH_PATHS = (
					"$(inherited)",
					"@executable_path/Frameworks",
					"@loader_path/Frameworks",
				);
				PRODUCT_BUNDLE_IDENTIFIER = com.personal.NewsAppTests;
				PRODUCT_NAME = "$(TARGET_NAME)";
				SWIFT_VERSION = 5.0;
				TARGETED_DEVICE_FAMILY = "1,2";
				TEST_HOST = "$(BUILT_PRODUCTS_DIR)/NewsApp.app/NewsApp";
			};
			name = Release;
		};
		25A6CDCD26B2BE3600C391A2 /* Debug */ = {
			isa = XCBuildConfiguration;
			buildSettings = {
				ALWAYS_EMBED_SWIFT_STANDARD_LIBRARIES = YES;
				CODE_SIGN_STYLE = Automatic;
				INFOPLIST_FILE = NewsAppUITests/Info.plist;
				LD_RUNPATH_SEARCH_PATHS = (
					"$(inherited)",
					"@executable_path/Frameworks",
					"@loader_path/Frameworks",
				);
				PRODUCT_BUNDLE_IDENTIFIER = com.personal.NewsAppUITests;
				PRODUCT_NAME = "$(TARGET_NAME)";
				SWIFT_VERSION = 5.0;
				TARGETED_DEVICE_FAMILY = "1,2";
				TEST_TARGET_NAME = NewsApp;
			};
			name = Debug;
		};
		25A6CDCE26B2BE3600C391A2 /* Release */ = {
			isa = XCBuildConfiguration;
			buildSettings = {
				ALWAYS_EMBED_SWIFT_STANDARD_LIBRARIES = YES;
				CODE_SIGN_STYLE = Automatic;
				INFOPLIST_FILE = NewsAppUITests/Info.plist;
				LD_RUNPATH_SEARCH_PATHS = (
					"$(inherited)",
					"@executable_path/Frameworks",
					"@loader_path/Frameworks",
				);
				PRODUCT_BUNDLE_IDENTIFIER = com.personal.NewsAppUITests;
				PRODUCT_NAME = "$(TARGET_NAME)";
				SWIFT_VERSION = 5.0;
				TARGETED_DEVICE_FAMILY = "1,2";
				TEST_TARGET_NAME = NewsApp;
			};
			name = Release;
		};
/* End XCBuildConfiguration section */

/* Begin XCConfigurationList section */
		25A6CD9726B2BE3000C391A2 /* Build configuration list for PBXProject "NewsApp" */ = {
			isa = XCConfigurationList;
			buildConfigurations = (
				25A6CDC426B2BE3600C391A2 /* Debug */,
				25A6CDC526B2BE3600C391A2 /* Release */,
			);
			defaultConfigurationIsVisible = 0;
			defaultConfigurationName = Release;
		};
		25A6CDC626B2BE3600C391A2 /* Build configuration list for PBXNativeTarget "NewsApp" */ = {
			isa = XCConfigurationList;
			buildConfigurations = (
				25A6CDC726B2BE3600C391A2 /* Debug */,
				25A6CDC826B2BE3600C391A2 /* Release */,
			);
			defaultConfigurationIsVisible = 0;
			defaultConfigurationName = Release;
		};
		25A6CDC926B2BE3600C391A2 /* Build configuration list for PBXNativeTarget "NewsAppTests" */ = {
			isa = XCConfigurationList;
			buildConfigurations = (
				25A6CDCA26B2BE3600C391A2 /* Debug */,
				25A6CDCB26B2BE3600C391A2 /* Release */,
			);
			defaultConfigurationIsVisible = 0;
			defaultConfigurationName = Release;
		};
		25A6CDCC26B2BE3600C391A2 /* Build configuration list for PBXNativeTarget "NewsAppUITests" */ = {
			isa = XCConfigurationList;
			buildConfigurations = (
				25A6CDCD26B2BE3600C391A2 /* Debug */,
				25A6CDCE26B2BE3600C391A2 /* Release */,
			);
			defaultConfigurationIsVisible = 0;
			defaultConfigurationName = Release;
		};
/* End XCConfigurationList section */
	};
	rootObject = 25A6CD9426B2BE3000C391A2 /* Project object */;
}
